
Microsoft Visual Studio Solution File, Format Version 11.00
# Visual Studio 2010
Project("{FAE04EC0-301F-11D3-BF4B-00C04F79EFBC}") = "WeatherDotCom", "WeatherDotCom.csproj", "{558B52E9-0015-4DD9-AAA0-977981775BCF}"
EndProject
Global
	GlobalSection(SolutionConfigurationPlatforms) = preSolution
		Debug|Any CPU = Debug|Any CPU
		Release|Any CPU = Release|Any CPU
	EndGlobalSection
	GlobalSection(ProjectConfigurationPlatforms) = postSolution
		{558B52E9-0015-4DD9-AAA0-977981775BCF}.Debug|Any CPU.ActiveCfg = Debug|Any CPU
		{558B52E9-0015-4DD9-AAA0-977981775BCF}.Debug|Any CPU.Build.0 = Debug|Any CPU
		{558B52E9-0015-4DD9-AAA0-977981775BCF}.Release|Any CPU.ActiveCfg = Release|Any CPU
		{558B52E9-0015-4DD9-AAA0-977981775BCF}.Release|Any CPU.Build.0 = Release|Any CPU
	EndGlobalSection
	GlobalSection(SolutionProperties) = preSolution
		HideSolutionNode = FALSE
	EndGlobalSection
EndGlobal
